
Microsoft Visual Studio Solution File, Format Version 12.00
# Visual Studio Version 16
VisualStudioVersion = 16.0.30907.101
MinimumVisualStudioVersion = 10.0.40219.1
Project("{FAE04EC0-301F-11D3-BF4B-00C04F79EFBC}") = "Gerando_Senhas", "Gerando_Senhas\Gerando_Senhas.csproj", "{FCD8525F-0AD9-477A-9E6E-1467F8B8C600}"
EndProject
Global
	GlobalSection(SolutionConfigurationPlatforms) = preSolution
		Debug|Any CPU = Debug|Any CPU
		Release|Any CPU = Release|Any CPU
	EndGlobalSection
	GlobalSection(ProjectConfigurationPlatforms) = postSolution
		{FCD8525F-0AD9-477A-9E6E-1467F8B8C600}.Debug|Any CPU.ActiveCfg = Debug|Any CPU
		{FCD8525F-0AD9-477A-9E6E-1467F8B8C600}.Debug|Any CPU.Build.0 = Debug|Any CPU
		{FCD8525F-0AD9-477A-9E6E-1467F8B8C600}.Release|Any CPU.ActiveCfg = Release|Any CPU
		{FCD8525F-0AD9-477A-9E6E-1467F8B8C600}.Release|Any CPU.Build.0 = Release|Any CPU
	EndGlobalSection
	GlobalSection(SolutionProperties) = preSolution
		HideSolutionNode = FALSE
	EndGlobalSection
	GlobalSection(ExtensibilityGlobals) = postSolution
		SolutionGuid = {70A3D046-179A-4DE9-B2A1-874FC8BCED24}
	EndGlobalSection
EndGlobal
